// !$*UTF8*$!
{
	archiveVersion = 1;
	classes = {
	};
	objectVersion = 55;
	objects = {

/* Begin PBXBuildFile section */
		9190DD7728D1DC9A0048F340 /* AppDelegate.swift in Sources */ = {isa = PBXBuildFile; fileRef = 9190DD7628D1DC9A0048F340 /* AppDelegate.swift */; };
		9190DD7928D1DC9A0048F340 /* SceneDelegate.swift in Sources */ = {isa = PBXBuildFile; fileRef = 9190DD7828D1DC9A0048F340 /* SceneDelegate.swift */; };
		9190DD7B28D1DC9A0048F340 /* ViewController.swift in Sources */ = {isa = PBXBuildFile; fileRef = 9190DD7A28D1DC9A0048F340 /* ViewController.swift */; };
		9190DD7E28D1DC9A0048F340 /* Main.storyboard in Resources */ = {isa = PBXBuildFile; fileRef = 9190DD7C28D1DC9A0048F340 /* Main.storyboard */; };
		9190DD8028D1DC9C0048F340 /* Assets.xcassets in Resources */ = {isa = PBXBuildFile; fileRef = 9190DD7F28D1DC9C0048F340 /* Assets.xcassets */; };
		9190DD8328D1DC9C0048F340 /* LaunchScreen.storyboard in Resources */ = {isa = PBXBuildFile; fileRef = 9190DD8128D1DC9C0048F340 /* LaunchScreen.storyboard */; };
		9190DD8B28D1DE6C0048F340 /* SignUpController.swift in Sources */ = {isa = PBXBuildFile; fileRef = 9190DD8A28D1DE6C0048F340 /* SignUpController.swift */; };
		9190DD8D28D1F10A0048F340 /* UIColor+Extension.swift in Sources */ = {isa = PBXBuildFile; fileRef = 9190DD8C28D1F10A0048F340 /* UIColor+Extension.swift */; };
/* End PBXBuildFile section */

/* Begin PBXFileReference section */
		9190DD7328D1DC9A0048F340 /* KriticaSwiftAssignment6.app */ = {isa = PBXFileReference; explicitFileType = wrapper.application; includeInIndex = 0; path = KriticaSwiftAssignment6.app; sourceTree = BUILT_PRODUCTS_DIR; };
		9190DD7628D1DC9A0048F340 /* AppDelegate.swift */ = {isa = PBXFileReference; lastKnownFileType = sourcecode.swift; path = AppDelegate.swift; sourceTree = "<group>"; };
		9190DD7828D1DC9A0048F340 /* SceneDelegate.swift */ = {isa = PBXFileReference; lastKnownFileType = sourcecode.swift; path = SceneDelegate.swift; sourceTree = "<group>"; };
		9190DD7A28D1DC9A0048F340 /* ViewController.swift */ = {isa = PBXFileReference; lastKnownFileType = sourcecode.swift; path = ViewController.swift; sourceTree = "<group>"; };
		9190DD7D28D1DC9A0048F340 /* Base */ = {isa = PBXFileReference; lastKnownFileType = file.storyboard; name = Base; path = Base.lproj/Main.storyboard; sourceTree = "<group>"; };
		9190DD7F28D1DC9C0048F340 /* Assets.xcassets */ = {isa = PBXFileReference; lastKnownFileType = folder.assetcatalog; path = Assets.xcassets; sourceTree = "<group>"; };
		9190DD8228D1DC9C0048F340 /* Base */ = {isa = PBXFileReference; lastKnownFileType = file.storyboard; name = Base; path = Base.lproj/LaunchScreen.storyboard; sourceTree = "<group>"; };
		9190DD8428D1DC9C0048F340 /* Info.plist */ = {isa = PBXFileReference; lastKnownFileType = text.plist.xml; path = Info.plist; sourceTree = "<group>"; };
		9190DD8A28D1DE6C0048F340 /* SignUpController.swift */ = {isa = PBXFileReference; lastKnownFileType = sourcecode.swift; path = SignUpController.swift; sourceTree = "<group>"; };
		9190DD8C28D1F10A0048F340 /* UIColor+Extension.swift */ = {isa = PBXFileReference; lastKnownFileType = sourcecode.swift; path = "UIColor+Extension.swift"; sourceTree = "<group>"; };
/* End PBXFileReference section */

/* Begin PBXFrameworksBuildPhase section */
		9190DD7028D1DC9A0048F340 /* Frameworks */ = {
			isa = PBXFrameworksBuildPhase;
			buildActionMask = 2147483647;
			files = (
			);
			runOnlyForDeploymentPostprocessing = 0;
		};
/* End PBXFrameworksBuildPhase section */

/* Begin PBXGroup section */
		9190DD6A28D1DC9A0048F340 = {
			isa = PBXGroup;
			children = (
				9190DD7528D1DC9A0048F340 /* KriticaSwiftAssignment6 */,
				9190DD7428D1DC9A0048F340 /* Products */,
			);
			sourceTree = "<group>";
		};
		9190DD7428D1DC9A0048F340 /* Products */ = {
			isa = PBXGroup;
			children = (
				9190DD7328D1DC9A0048F340 /* KriticaSwiftAssignment6.app */,
			);
			name = Products;
			sourceTree = "<group>";
		};
		9190DD7528D1DC9A0048F340 /* KriticaSwiftAssignment6 */ = {
			isa = PBXGroup;
			children = (
				9190DD7628D1DC9A0048F340 /* AppDelegate.swift */,
				9190DD7828D1DC9A0048F340 /* SceneDelegate.swift */,
				9190DD7A28D1DC9A0048F340 /* ViewController.swift */,
				9190DD7C28D1DC9A0048F340 /* Main.storyboard */,
				9190DD8A28D1DE6C0048F340 /* SignUpController.swift */,
				9190DD7F28D1DC9C0048F340 /* Assets.xcassets */,
				9190DD8128D1DC9C0048F340 /* LaunchScreen.storyboard */,
				9190DD8428D1DC9C0048F340 /* Info.plist */,
				9190DD8C28D1F10A0048F340 /* UIColor+Extension.swift */,
			);
			path = KriticaSwiftAssignment6;
			sourceTree = "<group>";
		};
/* End PBXGroup section */

/* Begin PBXNativeTarget section */
		9190DD7228D1DC9A0048F340 /* KriticaSwiftAssignment6 */ = {
			isa = PBXNativeTarget;
			buildConfigurationList = 9190DD8728D1DC9C0048F340 /* Build configuration list for PBXNativeTarget "KriticaSwiftAssignment6" */;
			buildPhases = (
				9190DD6F28D1DC9A0048F340 /* Sources */,
				9190DD7028D1DC9A0048F340 /* Frameworks */,
				9190DD7128D1DC9A0048F340 /* Resources */,
			);
			buildRules = (
			);
			dependencies = (
			);
			name = KriticaSwiftAssignment6;
			productName = KriticaSwiftAssignment6;
			productReference = 9190DD7328D1DC9A0048F340 /* KriticaSwiftAssignment6.app */;
			productType = "com.apple.product-type.application";
		};
/* End PBXNativeTarget section */

/* Begin PBXProject section */
		9190DD6B28D1DC9A0048F340 /* Project object */ = {
			isa = PBXProject;
			attributes = {
				BuildIndependentTargetsInParallel = 1;
				LastSwiftUpdateCheck = 1340;
				LastUpgradeCheck = 1340;
				TargetAttributes = {
					9190DD7228D1DC9A0048F340 = {
						CreatedOnToolsVersion = 13.4.1;
					};
				};
			};
			buildConfigurationList = 9190DD6E28D1DC9A0048F340 /* Build configuration list for PBXProject "KriticaSwiftAssignment6" */;
			compatibilityVersion = "Xcode 13.0";
			developmentRegion = en;
			hasScannedForEncodings = 0;
			knownRegions = (
				en,
				Base,
			);
			mainGroup = 9190DD6A28D1DC9A0048F340;
			productRefGroup = 9190DD7428D1DC9A0048F340 /* Products */;
			projectDirPath = "";
			projectRoot = "";
			targets = (
				9190DD7228D1DC9A0048F340 /* KriticaSwiftAssignment6 */,
			);
		};
/* End PBXProject section */

/* Begin PBXResourcesBuildPhase section */
		9190DD7128D1DC9A0048F340 /* Resources */ = {
			isa = PBXResourcesBuildPhase;
			buildActionMask = 2147483647;
			files = (
				9190DD8328D1DC9C0048F340 /* LaunchScreen.storyboard in Resources */,
				9190DD8028D1DC9C0048F340 /* Assets.xcassets in Resources */,
				9190DD7E28D1DC9A0048F340 /* Main.storyboard in Resources */,
			);
			runOnlyForDeploymentPostprocessing = 0;
		};
/* End PBXResourcesBuildPhase section */

/* Begin PBXSourcesBuildPhase section */
		9190DD6F28D1DC9A0048F340 /* Sources */ = {
			isa = PBXSourcesBuildPhase;
			buildActionMask = 2147483647;
			files = (
				9190DD7B28D1DC9A0048F340 /* ViewController.swift in Sources */,
				9190DD7728D1DC9A0048F340 /* AppDelegate.swift in Sources */,
				9190DD7928D1DC9A0048F340 /* SceneDelegate.swift in Sources */,
				9190DD8B28D1DE6C0048F340 /* SignUpController.swift in Sources */,
				9190DD8D28D1F10A0048F340 /* UIColor+Extension.swift in Sources */,
			);
			runOnlyForDeploymentPostprocessing = 0;
		};
/* End PBXSourcesBuildPhase section */

/* Begin PBXVariantGroup section */
		9190DD7C28D1DC9A0048F340 /* Main.storyboard */ = {
			isa = PBXVariantGroup;
			children = (
				9190DD7D28D1DC9A0048F340 /* Base */,
			);
			name = Main.storyboard;
			sourceTree = "<group>";
		};
		9190DD8128D1DC9C0048F340 /* LaunchScreen.storyboard */ = {
			isa = PBXVariantGroup;
			children = (
				9190DD8228D1DC9C0048F340 /* Base */,
			);
			name = LaunchScreen.storyboard;
			sourceTree = "<group>";
		};
/* End PBXVariantGroup section */

/* Begin XCBuildConfiguration section */
		9190DD8528D1DC9C0048F340 /* Debug */ = {
			isa = XCBuildConfiguration;
			buildSettings = {
				ALWAYS_SEARCH_USER_PATHS = NO;
				CLANG_ANALYZER_NONNULL = YES;
				CLANG_ANALYZER_NUMBER_OBJECT_CONVERSION = YES_AGGRESSIVE;
				CLANG_CXX_LANGUAGE_STANDARD = "gnu++17";
				CLANG_ENABLE_MODULES = YES;
				CLANG_ENABLE_OBJC_ARC = YES;
				CLANG_ENABLE_OBJC_WEAK = YES;
				CLANG_WARN_BLOCK_CAPTURE_AUTORELEASING = YES;
				CLANG_WARN_BOOL_CONVERSION = YES;
				CLANG_WARN_COMMA = YES;
				CLANG_WARN_CONSTANT_CONVERSION = YES;
				CLANG_WARN_DEPRECATED_OBJC_IMPLEMENTATIONS = YES;
				CLANG_WARN_DIRECT_OBJC_ISA_USAGE = YES_ERROR;
				CLANG_WARN_DOCUMENTATION_COMMENTS = YES;
				CLANG_WARN_EMPTY_BODY = YES;
				CLANG_WARN_ENUM_CONVERSION = YES;
				CLANG_WARN_INFINITE_RECURSION = YES;
				CLANG_WARN_INT_CONVERSION = YES;
				CLANG_WARN_NON_LITERAL_NULL_CONVERSION = YES;
				CLANG_WARN_OBJC_IMPLICIT_RETAIN_SELF = YES;
				CLANG_WARN_OBJC_LITERAL_CONVERSION = YES;
				CLANG_WARN_OBJC_ROOT_CLASS = YES_ERROR;
				CLANG_WARN_QUOTED_INCLUDE_IN_FRAMEWORK_HEADER = YES;
				CLANG_WARN_RANGE_LOOP_ANALYSIS = YES;
				CLANG_WARN_STRICT_PROTOTYPES = YES;
				CLANG_WARN_SUSPICIOUS_MOVE = YES;
				CLANG_WARN_UNGUARDED_AVAILABILITY = YES_AGGRESSIVE;
				CLANG_WARN_UNREACHABLE_CODE = YES;
				CLANG_WARN__DUPLICATE_METHOD_MATCH = YES;
				COPY_PHASE_STRIP = NO;
				DEBUG_INFORMATION_FORMAT = dwarf;
				ENABLE_STRICT_OBJC_MSGSEND = YES;
				ENABLE_TESTABILITY = YES;
				GCC_C_LANGUAGE_STANDARD = gnu11;
				GCC_DYNAMIC_NO_PIC = NO;
				GCC_NO_COMMON_BLOCKS = YES;
				GCC_OPTIMIZATION_LEVEL = 0;
				GCC_PREPROCESSOR_DEFINITIONS = (
					"DEBUG=1",
					"$(inherited)",
				);
				GCC_WARN_64_TO_32_BIT_CONVERSION = YES;
				GCC_WARN_ABOUT_RETURN_TYPE = YES_ERROR;
				GCC_WARN_UNDECLARED_SELECTOR = YES;
				GCC_WARN_UNINITIALIZED_AUTOS = YES_AGGRESSIVE;
				GCC_WARN_UNUSED_FUNCTION = YES;
				GCC_WARN_UNUSED_VARIABLE = YES;
				IPHONEOS_DEPLOYMENT_TARGET = 15.5;
				MTL_ENABLE_DEBUG_INFO = INCLUDE_SOURCE;
				MTL_FAST_MATH = YES;
				ONLY_ACTIVE_ARCH = YES;
				SDKROOT = iphoneos;
				SWIFT_ACTIVE_COMPILATION_CONDITIONS = DEBUG;
				SWIFT_OPTIMIZATION_LEVEL = "-Onone";
			};
			name = Debug;
		};
		9190DD8628D1DC9C0048F340 /* Release */ = {
			isa = XCBuildConfiguration;
			buildSettings = {
				ALWAYS_SEARCH_USER_PATHS = NO;
				CLANG_ANALYZER_NONNULL = YES;
				CLANG_ANALYZER_NUMBER_OBJECT_CONVERSION = YES_AGGRESSIVE;
				CLANG_CXX_LANGUAGE_STANDARD = "gnu++17";
				CLANG_ENABLE_MODULES = YES;
				CLANG_ENABLE_OBJC_ARC = YES;
				CLANG_ENABLE_OBJC_WEAK = YES;
				CLANG_WARN_BLOCK_CAPTURE_AUTORELEASING = YES;
				CLANG_WARN_BOOL_CONVERSION = YES;
				CLANG_WARN_COMMA = YES;
				CLANG_WARN_CONSTANT_CONVERSION = YES;
				CLANG_WARN_DEPRECATED_OBJC_IMPLEMENTATIONS = YES;
				CLANG_WARN_DIRECT_OBJC_ISA_USAGE = YES_ERROR;
				CLANG_WARN_DOCUMENTATION_COMMENTS = YES;
				CLANG_WARN_EMPTY_BODY = YES;
				CLANG_WARN_ENUM_CONVERSION = YES;
				CLANG_WARN_INFINITE_RECURSION = YES;
				CLANG_WARN_INT_CONVERSION = YES;
				CLANG_WARN_NON_LITERAL_NULL_CONVERSION = YES;
				CLANG_WARN_OBJC_IMPLICIT_RETAIN_SELF = YES;
				CLANG_WARN_OBJC_LITERAL_CONVERSION = YES;
				CLANG_WARN_OBJC_ROOT_CLASS = YES_ERROR;
				CLANG_WARN_QUOTED_INCLUDE_IN_FRAMEWORK_HEADER = YES;
				CLANG_WARN_RANGE_LOOP_ANALYSIS = YES;
				CLANG_WARN_STRICT_PROTOTYPES = YES;
				CLANG_WARN_SUSPICIOUS_MOVE = YES;
				CLANG_WARN_UNGUARDED_AVAILABILITY = YES_AGGRESSIVE;
				CLANG_WARN_UNREACHABLE_CODE = YES;
				CLANG_WARN__DUPLICATE_METHOD_MATCH = YES;
				COPY_PHASE_STRIP = NO;
				DEBUG_INFORMATION_FORMAT = "dwarf-with-dsym";
				ENABLE_NS_ASSERTIONS = NO;
				ENABLE_STRICT_OBJC_MSGSEND = YES;
				GCC_C_LANGUAGE_STANDARD = gnu11;
				GCC_NO_COMMON_BLOCKS = YES;
				GCC_WARN_64_TO_32_BIT_CONVERSION = YES;
				GCC_WARN_ABOUT_RETURN_TYPE = YES_ERROR;
				GCC_WARN_UNDECLARED_SELECTOR = YES;
				GCC_WARN_UNINITIALIZED_AUTOS = YES_AGGRESSIVE;
				GCC_WARN_UNUSED_FUNCTION = YES;
				GCC_WARN_UNUSED_VARIABLE = YES;
				IPHONEOS_DEPLOYMENT_TARGET = 15.5;
				MTL_ENABLE_DEBUG_INFO = NO;
				MTL_FAST_MATH = YES;
				SDKROOT = iphoneos;
				SWIFT_COMPILATION_MODE = wholemodule;
				SWIFT_OPTIMIZATION_LEVEL = "-O";
				VALIDATE_PRODUCT = YES;
			};
			name = Release;
		};
		9190DD8828D1DC9C0048F340 /* Debug */ = {
			isa = XCBuildConfiguration;
			buildSettings = {
				ASSETCATALOG_COMPILER_APPICON_NAME = AppIcon;
				ASSETCATALOG_COMPILER_GLOBAL_ACCENT_COLOR_NAME = AccentColor;
				CODE_SIGN_STYLE = Automatic;
				CURRENT_PROJECT_VERSION = 1;
				DEVELOPMENT_TEAM = GCJ9CZAJR6;
				GENERATE_INFOPLIST_FILE = YES;
				INFOPLIST_FILE = KriticaSwiftAssignment6/Info.plist;
				INFOPLIST_KEY_UIApplicationSupportsIndirectInputEvents = YES;
				INFOPLIST_KEY_UILaunchStoryboardName = LaunchScreen;
				INFOPLIST_KEY_UIMainStoryboardFile = Main;
				INFOPLIST_KEY_UISupportedInterfaceOrientations_iPad = "UIInterfaceOrientationPortrait UIInterfaceOrientationPortraitUpsideDown UIInterfaceOrientationLandscapeLeft UIInterfaceOrientationLandscapeRight";
				INFOPLIST_KEY_UISupportedInterfaceOrientations_iPhone = "UIInterfaceOrientationPortrait UIInterfaceOrientationLandscapeLeft UIInterfaceOrientationLandscapeRight";
				LD_RUNPATH_SEARCH_PATHS = (
					"$(inherited)",
					"@executable_path/Frameworks",
				);
				MARKETING_VERSION = 1.0;
				PRODUCT_BUNDLE_IDENTIFIER = com.krishk.KriticaSwiftAssignment6;
				PRODUCT_NAME = "$(TARGET_NAME)";
				SWIFT_EMIT_LOC_STRINGS = YES;
				SWIFT_VERSION = 5.0;
				TARGETED_DEVICE_FAMILY = "1,2";
			};
			name = Debug;
		};
		9190DD8928D1DC9C0048F340 /* Release */ = {
			isa = XCBuildConfiguration;
			buildSettings = {
				ASSETCATALOG_COMPILER_APPICON_NAME = AppIcon;
				ASSETCATALOG_COMPILER_GLOBAL_ACCENT_COLOR_NAME = AccentColor;
				CODE_SIGN_STYLE = Automatic;
				CURRENT_PROJECT_VERSION = 1;
				DEVELOPMENT_TEAM = GCJ9CZAJR6;
				GENERATE_INFOPLIST_FILE = YES;
				INFOPLIST_FILE = KriticaSwiftAssignment6/Info.plist;
				INFOPLIST_KEY_UIApplicationSupportsIndirectInputEvents = YES;
				INFOPLIST_KEY_UILaunchStoryboardName = LaunchScreen;
				INFOPLIST_KEY_UIMainStoryboardFile = Main;
				INFOPLIST_KEY_UISupportedInterfaceOrientations_iPad = "UIInterfaceOrientationPortrait UIInterfaceOrientationPortraitUpsideDown UIInterfaceOrientationLandscapeLeft UIInterfaceOrientationLandscapeRight";
				INFOPLIST_KEY_UISupportedInterfaceOrientations_iPhone = "UIInterfaceOrientationPortrait UIInterfaceOrientationLandscapeLeft UIInterfaceOrientationLandscapeRight";
				LD_RUNPATH_SEARCH_PATHS = (
					"$(inherited)",
					"@executable_path/Frameworks",
				);
				MARKETING_VERSION = 1.0;
				PRODUCT_BUNDLE_IDENTIFIER = com.krishk.KriticaSwiftAssignment6;
				PRODUCT_NAME = "$(TARGET_NAME)";
				SWIFT_EMIT_LOC_STRINGS = YES;
				SWIFT_VERSION = 5.0;
				TARGETED_DEVICE_FAMILY = "1,2";
			};
			name = Release;
		};
/* End XCBuildConfiguration section */

/* Begin XCConfigurationList section */
		9190DD6E28D1DC9A0048F340 /* Build configuration list for PBXProject "KriticaSwiftAssignment6" */ = {
			isa = XCConfigurationList;
			buildConfigurations = (
				9190DD8528D1DC9C0048F340 /* Debug */,
				9190DD8628D1DC9C0048F340 /* Release */,
			);
			defaultConfigurationIsVisible = 0;
			defaultConfigurationName = Release;
		};
		9190DD8728D1DC9C0048F340 /* Build configuration list for PBXNativeTarget "KriticaSwiftAssignment6" */ = {
			isa = XCConfigurationList;
			buildConfigurations = (
				9190DD8828D1DC9C0048F340 /* Debug */,
				9190DD8928D1DC9C0048F340 /* Release */,
			);
			defaultConfigurationIsVisible = 0;
			defaultConfigurationName = Release;
		};
/* End XCConfigurationList section */
	};
	rootObject = 9190DD6B28D1DC9A0048F340 /* Project object */;
}
